
Microsoft Visual Studio Solution File, Format Version 12.00
# Visual Studio Version 17
VisualStudioVersion = 17.13.35931.197 d17.13
MinimumVisualStudioVersion = 10.0.40219.1
Project("{FAE04EC0-301F-11D3-BF4B-00C04F79EFBC}") = "IN451_Unit9.Web", "IN451_Unit9.Web\IN451_Unit9.Web.csproj", "{BD0456EE-FBE0-43F9-8CB8-8A61C60C3F42}"
EndProject
Global
	GlobalSection(SolutionConfigurationPlatforms) = preSolution
		Debug|Any CPU = Debug|Any CPU
		Release|Any CPU = Release|Any CPU
	EndGlobalSection
	GlobalSection(ProjectConfigurationPlatforms) = postSolution
		{BD0456EE-FBE0-43F9-8CB8-8A61C60C3F42}.Debug|Any CPU.ActiveCfg = Debug|Any CPU
		{BD0456EE-FBE0-43F9-8CB8-8A61C60C3F42}.Debug|Any CPU.Build.0 = Debug|Any CPU
		{BD0456EE-FBE0-43F9-8CB8-8A61C60C3F42}.Release|Any CPU.ActiveCfg = Release|Any CPU
		{BD0456EE-FBE0-43F9-8CB8-8A61C60C3F42}.Release|Any CPU.Build.0 = Release|Any CPU
	EndGlobalSection
	GlobalSection(SolutionProperties) = preSolution
		HideSolutionNode = FALSE
	EndGlobalSection
	GlobalSection(ExtensibilityGlobals) = postSolution
		SolutionGuid = {15478B57-99DF-4D81-ABCF-7F47EE19FB54}
	EndGlobalSection
EndGlobal
